
Microsoft Visual Studio Solution File, Format Version 12.00
# Visual Studio Version 17
VisualStudioVersion = 17.14.36221.1
MinimumVisualStudioVersion = 10.0.40219.1
Project("{FAE04EC0-301F-11D3-BF4B-00C04F79EFBC}") = "Project01_ApiDemo", "Project01_ApiDemo\Project01_ApiDemo.csproj", "{27F64074-974B-4AD6-92EE-3B1EAB97A3BB}"
EndProject
Project("{FAE04EC0-301F-11D3-BF4B-00C04F79EFBC}") = "Project02_ApiConsumeUI", "Project02_ApiConsumeUI\Project02_ApiConsumeUI.csproj", "{B56EB98B-A79E-41AB-B5D4-30321E959C86}"
EndProject
Project("{FAE04EC0-301F-11D3-BF4B-00C04F79EFBC}") = "Project03_RapidApi", "Project03_RapidApi\Project03_RapidApi.csproj", "{54046962-5F79-4422-9D41-0BF64807BACB}"
EndProject
Project("{FAE04EC0-301F-11D3-BF4B-00C04F79EFBC}") = "Project04_ConsoleAIChat", "Project04_ConsoleAIChat\Project04_ConsoleAIChat.csproj", "{8B610FCE-A847-4834-B56A-314408D1FE74}"
EndProject
Project("{FAE04EC0-301F-11D3-BF4B-00C04F79EFBC}") = "Project05_ConsoleSpeechToText", "Project05_ConsoleSpeechToText\Project05_ConsoleSpeechToText.csproj", "{ECDE9AFA-FE0C-49CD-8486-BB754BDCBEAF}"
EndProject
Project("{FAE04EC0-301F-11D3-BF4B-00C04F79EFBC}") = "Project06_ConsoleImageGeneration", "Project06_ConsoleImageGeneration\Project06_ConsoleImageGeneration.csproj", "{F8FC48E4-8BA3-4976-B718-79BFFA465076}"
EndProject
Project("{FAE04EC0-301F-11D3-BF4B-00C04F79EFBC}") = "Project07_TesseractOcrConsole", "Project07_TesseractOcrConsole\Project07_TesseractOcrConsole.csproj", "{A39FC491-2364-440D-AA0F-ADF47AECB79A}"
EndProject
Project("{FAE04EC0-301F-11D3-BF4B-00C04F79EFBC}") = "Project08_GoogleVisionOcrConsole", "Project08_GoogleVisionOcrConsole\Project08_GoogleVisionOcrConsole.csproj", "{5B8A3F49-D2D4-4448-BB15-432F0FD23A8E}"
EndProject
Project("{FAE04EC0-301F-11D3-BF4B-00C04F79EFBC}") = "Project09_TranslatorAIConsole", "Project09_TranslatorAIConsole\Project09_TranslatorAIConsole.csproj", "{EC726A0F-FE90-44D4-9F05-FF028C70A22F}"
EndProject
Project("{FAE04EC0-301F-11D3-BF4B-00C04F79EFBC}") = "Project10_TextToSpeechConsole", "Project10_TextToSpeechConsole\Project10_TextToSpeechConsole.csproj", "{E8151630-2A7C-4C34-A7BA-15BA78FB5EFE}"
EndProject
Project("{FAE04EC0-301F-11D3-BF4B-00C04F79EFBC}") = "Project11_ConsoleTextToSpeechWithGoogleCloudAPI", "Project11_ConsoleTextToSpeechWithGoogleCloudAPI\Project11_ConsoleTextToSpeechWithGoogleCloudAPI.csproj", "{2BDBC1D9-4E3F-4443-94BF-E7A2EB8417D5}"
EndProject
Project("{FAE04EC0-301F-11D3-BF4B-00C04F79EFBC}") = "Project12_SentimentAIAppConsole", "Project12_SentimentAIAppConsole\Project12_SentimentAIAppConsole.csproj", "{26F3EB3E-475D-4B8B-B639-E82DEE4FC199}"
EndProject
Project("{FAE04EC0-301F-11D3-BF4B-00C04F79EFBC}") = "Project13_SentimentWithDegreeAIAppConsole", "Project13_SentimentWithDegreeAIAppConsole\Project13_SentimentWithDegreeAIAppConsole.csproj", "{3799C71C-F702-406C-A4C2-85B6AFB8384B}"
EndProject
Project("{FAE04EC0-301F-11D3-BF4B-00C04F79EFBC}") = "Project14_TextSummarizerAIWeb", "Project14_TextSummarizerAIWeb\Project14_TextSummarizerAIWeb.csproj", "{FA18DBF3-2839-430E-8CAC-B16221061CD4}"
EndProject
Project("{FAE04EC0-301F-11D3-BF4B-00C04F79EFBC}") = "Project15_WebScrapingConsole", "Project15_WebScrapingConsole\Project15_WebScrapingConsole.csproj", "{10AC45D2-E423-44AC-AD3F-14A66C139C5C}"
EndProject
Global
	GlobalSection(SolutionConfigurationPlatforms) = preSolution
		Debug|Any CPU = Debug|Any CPU
		Release|Any CPU = Release|Any CPU
	EndGlobalSection
	GlobalSection(ProjectConfigurationPlatforms) = postSolution
		{27F64074-974B-4AD6-92EE-3B1EAB97A3BB}.Debug|Any CPU.ActiveCfg = Debug|Any CPU
		{27F64074-974B-4AD6-92EE-3B1EAB97A3BB}.Debug|Any CPU.Build.0 = Debug|Any CPU
		{27F64074-974B-4AD6-92EE-3B1EAB97A3BB}.Release|Any CPU.ActiveCfg = Release|Any CPU
		{27F64074-974B-4AD6-92EE-3B1EAB97A3BB}.Release|Any CPU.Build.0 = Release|Any CPU
		{B56EB98B-A79E-41AB-B5D4-30321E959C86}.Debug|Any CPU.ActiveCfg = Debug|Any CPU
		{B56EB98B-A79E-41AB-B5D4-30321E959C86}.Debug|Any CPU.Build.0 = Debug|Any CPU
		{B56EB98B-A79E-41AB-B5D4-30321E959C86}.Release|Any CPU.ActiveCfg = Release|Any CPU
		{B56EB98B-A79E-41AB-B5D4-30321E959C86}.Release|Any CPU.Build.0 = Release|Any CPU
		{54046962-5F79-4422-9D41-0BF64807BACB}.Debug|Any CPU.ActiveCfg = Debug|Any CPU
		{54046962-5F79-4422-9D41-0BF64807BACB}.Debug|Any CPU.Build.0 = Debug|Any CPU
		{54046962-5F79-4422-9D41-0BF64807BACB}.Release|Any CPU.ActiveCfg = Release|Any CPU
		{54046962-5F79-4422-9D41-0BF64807BACB}.Release|Any CPU.Build.0 = Release|Any CPU
		{8B610FCE-A847-4834-B56A-314408D1FE74}.Debug|Any CPU.ActiveCfg = Debug|Any CPU
		{8B610FCE-A847-4834-B56A-314408D1FE74}.Debug|Any CPU.Build.0 = Debug|Any CPU
		{8B610FCE-A847-4834-B56A-314408D1FE74}.Release|Any CPU.ActiveCfg = Release|Any CPU
		{8B610FCE-A847-4834-B56A-314408D1FE74}.Release|Any CPU.Build.0 = Release|Any CPU
		{ECDE9AFA-FE0C-49CD-8486-BB754BDCBEAF}.Debug|Any CPU.ActiveCfg = Debug|Any CPU
		{ECDE9AFA-FE0C-49CD-8486-BB754BDCBEAF}.Debug|Any CPU.Build.0 = Debug|Any CPU
		{ECDE9AFA-FE0C-49CD-8486-BB754BDCBEAF}.Release|Any CPU.ActiveCfg = Release|Any CPU
		{ECDE9AFA-FE0C-49CD-8486-BB754BDCBEAF}.Release|Any CPU.Build.0 = Release|Any CPU
		{F8FC48E4-8BA3-4976-B718-79BFFA465076}.Debug|Any CPU.ActiveCfg = Debug|Any CPU
		{F8FC48E4-8BA3-4976-B718-79BFFA465076}.Debug|Any CPU.Build.0 = Debug|Any CPU
		{F8FC48E4-8BA3-4976-B718-79BFFA465076}.Release|Any CPU.ActiveCfg = Release|Any CPU
		{F8FC48E4-8BA3-4976-B718-79BFFA465076}.Release|Any CPU.Build.0 = Release|Any CPU
		{A39FC491-2364-440D-AA0F-ADF47AECB79A}.Debug|Any CPU.ActiveCfg = Debug|Any CPU
		{A39FC491-2364-440D-AA0F-ADF47AECB79A}.Debug|Any CPU.Build.0 = Debug|Any CPU
		{A39FC491-2364-440D-AA0F-ADF47AECB79A}.Release|Any CPU.ActiveCfg = Release|Any CPU
		{A39FC491-2364-440D-AA0F-ADF47AECB79A}.Release|Any CPU.Build.0 = Release|Any CPU
		{5B8A3F49-D2D4-4448-BB15-432F0FD23A8E}.Debug|Any CPU.ActiveCfg = Debug|Any CPU
		{5B8A3F49-D2D4-4448-BB15-432F0FD23A8E}.Debug|Any CPU.Build.0 = Debug|Any CPU
		{5B8A3F49-D2D4-4448-BB15-432F0FD23A8E}.Release|Any CPU.ActiveCfg = Release|Any CPU
		{5B8A3F49-D2D4-4448-BB15-432F0FD23A8E}.Release|Any CPU.Build.0 = Release|Any CPU
		{EC726A0F-FE90-44D4-9F05-FF028C70A22F}.Debug|Any CPU.ActiveCfg = Debug|Any CPU
		{EC726A0F-FE90-44D4-9F05-FF028C70A22F}.Debug|Any CPU.Build.0 = Debug|Any CPU
		{EC726A0F-FE90-44D4-9F05-FF028C70A22F}.Release|Any CPU.ActiveCfg = Release|Any CPU
		{EC726A0F-FE90-44D4-9F05-FF028C70A22F}.Release|Any CPU.Build.0 = Release|Any CPU
		{E8151630-2A7C-4C34-A7BA-15BA78FB5EFE}.Debug|Any CPU.ActiveCfg = Debug|Any CPU
		{E8151630-2A7C-4C34-A7BA-15BA78FB5EFE}.Debug|Any CPU.Build.0 = Debug|Any CPU
		{E8151630-2A7C-4C34-A7BA-15BA78FB5EFE}.Release|Any CPU.ActiveCfg = Release|Any CPU
		{E8151630-2A7C-4C34-A7BA-15BA78FB5EFE}.Release|Any CPU.Build.0 = Release|Any CPU
		{2BDBC1D9-4E3F-4443-94BF-E7A2EB8417D5}.Debug|Any CPU.ActiveCfg = Debug|Any CPU
		{2BDBC1D9-4E3F-4443-94BF-E7A2EB8417D5}.Debug|Any CPU.Build.0 = Debug|Any CPU
		{2BDBC1D9-4E3F-4443-94BF-E7A2EB8417D5}.Release|Any CPU.ActiveCfg = Release|Any CPU
		{2BDBC1D9-4E3F-4443-94BF-E7A2EB8417D5}.Release|Any CPU.Build.0 = Release|Any CPU
		{26F3EB3E-475D-4B8B-B639-E82DEE4FC199}.Debug|Any CPU.ActiveCfg = Debug|Any CPU
		{26F3EB3E-475D-4B8B-B639-E82DEE4FC199}.Debug|Any CPU.Build.0 = Debug|Any CPU
		{26F3EB3E-475D-4B8B-B639-E82DEE4FC199}.Release|Any CPU.ActiveCfg = Release|Any CPU
		{26F3EB3E-475D-4B8B-B639-E82DEE4FC199}.Release|Any CPU.Build.0 = Release|Any CPU
		{3799C71C-F702-406C-A4C2-85B6AFB8384B}.Debug|Any CPU.ActiveCfg = Debug|Any CPU
		{3799C71C-F702-406C-A4C2-85B6AFB8384B}.Debug|Any CPU.Build.0 = Debug|Any CPU
		{3799C71C-F702-406C-A4C2-85B6AFB8384B}.Release|Any CPU.ActiveCfg = Release|Any CPU
		{3799C71C-F702-406C-A4C2-85B6AFB8384B}.Release|Any CPU.Build.0 = Release|Any CPU
		{FA18DBF3-2839-430E-8CAC-B16221061CD4}.Debug|Any CPU.ActiveCfg = Debug|Any CPU
		{FA18DBF3-2839-430E-8CAC-B16221061CD4}.Debug|Any CPU.Build.0 = Debug|Any CPU
		{FA18DBF3-2839-430E-8CAC-B16221061CD4}.Release|Any CPU.ActiveCfg = Release|Any CPU
		{FA18DBF3-2839-430E-8CAC-B16221061CD4}.Release|Any CPU.Build.0 = Release|Any CPU
		{10AC45D2-E423-44AC-AD3F-14A66C139C5C}.Debug|Any CPU.ActiveCfg = Debug|Any CPU
		{10AC45D2-E423-44AC-AD3F-14A66C139C5C}.Debug|Any CPU.Build.0 = Debug|Any CPU
		{10AC45D2-E423-44AC-AD3F-14A66C139C5C}.Release|Any CPU.ActiveCfg = Release|Any CPU
		{10AC45D2-E423-44AC-AD3F-14A66C139C5C}.Release|Any CPU.Build.0 = Release|Any CPU
	EndGlobalSection
	GlobalSection(SolutionProperties) = preSolution
		HideSolutionNode = FALSE
	EndGlobalSection
	GlobalSection(ExtensibilityGlobals) = postSolution
		SolutionGuid = {3369D6C9-2961-4BE0-ADBE-63F0FFD80C8D}
	EndGlobalSection
EndGlobal
