Microsoft Visual Studio Solution File, Format Version 12.00
# Visual Studio Version 17
VisualStudioVersion = 17.5.2.0
MinimumVisualStudioVersion = 10.0.40219.1
Project("{FAE04EC0-301F-11D3-BF4B-00C04F79EFBC}") = "Project12_SentimentAIAppConsole", "Project12_SentimentAIAppConsole.csproj", "{D9CC237A-2D12-EBFB-5995-C597D2CA753D}"
EndProject
Global
	GlobalSection(SolutionConfigurationPlatforms) = preSolution
		Debug|Any CPU = Debug|Any CPU
		Release|Any CPU = Release|Any CPU
	EndGlobalSection
	GlobalSection(ProjectConfigurationPlatforms) = postSolution
		{D9CC237A-2D12-EBFB-5995-C597D2CA753D}.Debug|Any CPU.ActiveCfg = Debug|Any CPU
		{D9CC237A-2D12-EBFB-5995-C597D2CA753D}.Debug|Any CPU.Build.0 = Debug|Any CPU
		{D9CC237A-2D12-EBFB-5995-C597D2CA753D}.Release|Any CPU.ActiveCfg = Release|Any CPU
		{D9CC237A-2D12-EBFB-5995-C597D2CA753D}.Release|Any CPU.Build.0 = Release|Any CPU
	EndGlobalSection
	GlobalSection(SolutionProperties) = preSolution
		HideSolutionNode = FALSE
	EndGlobalSection
	GlobalSection(ExtensibilityGlobals) = postSolution
		SolutionGuid = {ECA10373-1476-4128-A47D-B7B220B01316}
	EndGlobalSection
EndGlobal
